
Microsoft Visual Studio Solution File, Format Version 12.00
# Visual Studio 15
VisualStudioVersion = 15.0.27130.2020
MinimumVisualStudioVersion = 10.0.40219.1
Project("{8BC9CEB8-8B4A-11D0-8D11-00A0C91BC942}") = "OSE V2", "OSE V2\OSE V2.vcxproj", "{0472E336-5AF8-4CEE-B8EF-1BDD2A7F96A4}"
EndProject
Project("{2150E333-8FDC-42A3-9474-1A3956D46DE8}") = "Solution Items", "Solution Items", "{7271B87B-E784-4C90-B15B-9798AD1C15B7}"
	ProjectSection(SolutionItems) = preProject
		LICENSE.txt = LICENSE.txt
		README.md = README.md
	EndProjectSection
EndProject
Project("{8BC9CEB8-8B4A-11D0-8D11-00A0C91BC942}") = "OSE V2 Unit Tests", "OSE V2 Unit Tests\OSE V2 Unit Tests.vcxproj", "{A9495F6D-8873-4AF3-A268-E2AE33BB7AB6}"
EndProject
Project("{8BC9CEB8-8B4A-11D0-8D11-00A0C91BC942}") = "OSE Desktop", "OSE Desktop\OSE Desktop.vcxproj", "{BF761AD1-C1C3-42BC-B05A-04FB4E3FA00D}"
EndProject
Global
	GlobalSection(SolutionConfigurationPlatforms) = preSolution
		Debug|x64 = Debug|x64
		Debug|x86 = Debug|x86
		Release|x64 = Release|x64
		Release|x86 = Release|x86
	EndGlobalSection
	GlobalSection(ProjectConfigurationPlatforms) = postSolution
		{0472E336-5AF8-4CEE-B8EF-1BDD2A7F96A4}.Debug|x64.ActiveCfg = Debug|x64
		{0472E336-5AF8-4CEE-B8EF-1BDD2A7F96A4}.Debug|x64.Build.0 = Debug|x64
		{0472E336-5AF8-4CEE-B8EF-1BDD2A7F96A4}.Debug|x86.ActiveCfg = Debug|Win32
		{0472E336-5AF8-4CEE-B8EF-1BDD2A7F96A4}.Debug|x86.Build.0 = Debug|Win32
		{0472E336-5AF8-4CEE-B8EF-1BDD2A7F96A4}.Release|x64.ActiveCfg = Release|x64
		{0472E336-5AF8-4CEE-B8EF-1BDD2A7F96A4}.Release|x64.Build.0 = Release|x64
		{0472E336-5AF8-4CEE-B8EF-1BDD2A7F96A4}.Release|x86.ActiveCfg = Release|Win32
		{0472E336-5AF8-4CEE-B8EF-1BDD2A7F96A4}.Release|x86.Build.0 = Release|Win32
		{A9495F6D-8873-4AF3-A268-E2AE33BB7AB6}.Debug|x64.ActiveCfg = Debug|x64
		{A9495F6D-8873-4AF3-A268-E2AE33BB7AB6}.Debug|x64.Build.0 = Debug|x64
		{A9495F6D-8873-4AF3-A268-E2AE33BB7AB6}.Debug|x86.ActiveCfg = Debug|Win32
		{A9495F6D-8873-4AF3-A268-E2AE33BB7AB6}.Debug|x86.Build.0 = Debug|Win32
		{A9495F6D-8873-4AF3-A268-E2AE33BB7AB6}.Release|x64.ActiveCfg = Release|x64
		{A9495F6D-8873-4AF3-A268-E2AE33BB7AB6}.Release|x64.Build.0 = Release|x64
		{A9495F6D-8873-4AF3-A268-E2AE33BB7AB6}.Release|x86.ActiveCfg = Release|Win32
		{A9495F6D-8873-4AF3-A268-E2AE33BB7AB6}.Release|x86.Build.0 = Release|Win32
		{BF761AD1-C1C3-42BC-B05A-04FB4E3FA00D}.Debug|x64.ActiveCfg = Debug|x64
		{BF761AD1-C1C3-42BC-B05A-04FB4E3FA00D}.Debug|x64.Build.0 = Debug|x64
		{BF761AD1-C1C3-42BC-B05A-04FB4E3FA00D}.Debug|x86.ActiveCfg = Debug|Win32
		{BF761AD1-C1C3-42BC-B05A-04FB4E3FA00D}.Debug|x86.Build.0 = Debug|Win32
		{BF761AD1-C1C3-42BC-B05A-04FB4E3FA00D}.Release|x64.ActiveCfg = Release|x64
		{BF761AD1-C1C3-42BC-B05A-04FB4E3FA00D}.Release|x64.Build.0 = Release|x64
		{BF761AD1-C1C3-42BC-B05A-04FB4E3FA00D}.Release|x86.ActiveCfg = Release|Win32
		{BF761AD1-C1C3-42BC-B05A-04FB4E3FA00D}.Release|x86.Build.0 = Release|Win32
	EndGlobalSection
	GlobalSection(SolutionProperties) = preSolution
		HideSolutionNode = FALSE
	EndGlobalSection
	GlobalSection(ExtensibilityGlobals) = postSolution
		SolutionGuid = {F0D258E4-79DD-4294-AC67-20972FA2565C}
	EndGlobalSection
EndGlobal
