
Microsoft Visual Studio Solution File, Format Version 12.00
# Visual Studio Version 16
VisualStudioVersion = 16.0.29424.173
MinimumVisualStudioVersion = 10.0.40219.1
Project("{8BC9CEB8-8B4A-11D0-8D11-00A0C91BC942}") = "OSE V2", "OSE V2\OSE V2.vcxproj", "{0472E336-5AF8-4CEE-B8EF-1BDD2A7F96A4}"
	ProjectSection(ProjectDependencies) = postProject
		{A1E1422E-4677-4321-9EFB-09CB491FF0E1} = {A1E1422E-4677-4321-9EFB-09CB491FF0E1}
		{EE697436-9512-4BAF-B3C0-6E55F2D81B77} = {EE697436-9512-4BAF-B3C0-6E55F2D81B77}
		{47A87736-CA1D-4F7D-B4FB-040531FE9392} = {47A87736-CA1D-4F7D-B4FB-040531FE9392}
		{E701ED38-8847-4805-A3CD-9571F810D859} = {E701ED38-8847-4805-A3CD-9571F810D859}
	EndProjectSection
EndProject
Project("{2150E333-8FDC-42A3-9474-1A3956D46DE8}") = "Solution Items", "Solution Items", "{7271B87B-E784-4C90-B15B-9798AD1C15B7}"
	ProjectSection(SolutionItems) = preProject
		LICENSE.txt = LICENSE.txt
		README.md = README.md
	EndProjectSection
EndProject
Project("{8BC9CEB8-8B4A-11D0-8D11-00A0C91BC942}") = "OSE V2 Unit Tests", "OSE V2 Unit Tests\OSE V2 Unit Tests.vcxproj", "{A9495F6D-8873-4AF3-A268-E2AE33BB7AB6}"
EndProject
Project("{8BC9CEB8-8B4A-11D0-8D11-00A0C91BC942}") = "Benchmarks", "Benchmarks\Benchmarks.vcxproj", "{C3D20FF0-F7EA-41BC-97F1-01A6D2361131}"
EndProject
Project("{8BC9CEB8-8B4A-11D0-8D11-00A0C91BC942}") = "OSE Rendering GL", "OSE Rendering GL\OSE Rendering GL.vcxproj", "{47A87736-CA1D-4F7D-B4FB-040531FE9392}"
EndProject
Project("{8BC9CEB8-8B4A-11D0-8D11-00A0C91BC942}") = "OSE Windowing GLFW", "OSE Windowing GLFW\OSE Windowing GLFW.vcxproj", "{E701ED38-8847-4805-A3CD-9571F810D859}"
EndProject
Project("{8BC9CEB8-8B4A-11D0-8D11-00A0C91BC942}") = "OSE Project XML", "OSE Project XML\OSE Project XML.vcxproj", "{EE697436-9512-4BAF-B3C0-6E55F2D81B77}"
EndProject
Project("{8BC9CEB8-8B4A-11D0-8D11-00A0C91BC942}") = "OSE Resources SOIL", "OSE Resources SOIL\OSE Resources SOIL.vcxproj", "{A1E1422E-4677-4321-9EFB-09CB491FF0E1}"
EndProject
Project("{8BC9CEB8-8B4A-11D0-8D11-00A0C91BC942}") = "OSE Scripting CPP", "OSE Scripting CPP\OSE Scripting CPP.vcxproj", "{8CD7970D-8765-4289-9AA1-AD355766BF7F}"
EndProject
Global
	GlobalSection(SolutionConfigurationPlatforms) = preSolution
		Debug|x64 = Debug|x64
		Debug|x86 = Debug|x86
		Release|x64 = Release|x64
		Release|x86 = Release|x86
	EndGlobalSection
	GlobalSection(ProjectConfigurationPlatforms) = postSolution
		{0472E336-5AF8-4CEE-B8EF-1BDD2A7F96A4}.Debug|x64.ActiveCfg = Debug|x64
		{0472E336-5AF8-4CEE-B8EF-1BDD2A7F96A4}.Debug|x64.Build.0 = Debug|x64
		{0472E336-5AF8-4CEE-B8EF-1BDD2A7F96A4}.Debug|x86.ActiveCfg = Debug|Win32
		{0472E336-5AF8-4CEE-B8EF-1BDD2A7F96A4}.Debug|x86.Build.0 = Debug|Win32
		{0472E336-5AF8-4CEE-B8EF-1BDD2A7F96A4}.Release|x64.ActiveCfg = Release|x64
		{0472E336-5AF8-4CEE-B8EF-1BDD2A7F96A4}.Release|x64.Build.0 = Release|x64
		{0472E336-5AF8-4CEE-B8EF-1BDD2A7F96A4}.Release|x86.ActiveCfg = Release|Win32
		{0472E336-5AF8-4CEE-B8EF-1BDD2A7F96A4}.Release|x86.Build.0 = Release|Win32
		{A9495F6D-8873-4AF3-A268-E2AE33BB7AB6}.Debug|x64.ActiveCfg = Debug|x64
		{A9495F6D-8873-4AF3-A268-E2AE33BB7AB6}.Debug|x64.Build.0 = Debug|x64
		{A9495F6D-8873-4AF3-A268-E2AE33BB7AB6}.Debug|x86.ActiveCfg = Debug|Win32
		{A9495F6D-8873-4AF3-A268-E2AE33BB7AB6}.Debug|x86.Build.0 = Debug|Win32
		{A9495F6D-8873-4AF3-A268-E2AE33BB7AB6}.Release|x64.ActiveCfg = Release|x64
		{A9495F6D-8873-4AF3-A268-E2AE33BB7AB6}.Release|x64.Build.0 = Release|x64
		{A9495F6D-8873-4AF3-A268-E2AE33BB7AB6}.Release|x86.ActiveCfg = Release|Win32
		{A9495F6D-8873-4AF3-A268-E2AE33BB7AB6}.Release|x86.Build.0 = Release|Win32
		{C3D20FF0-F7EA-41BC-97F1-01A6D2361131}.Debug|x64.ActiveCfg = Debug|x64
		{C3D20FF0-F7EA-41BC-97F1-01A6D2361131}.Debug|x64.Build.0 = Debug|x64
		{C3D20FF0-F7EA-41BC-97F1-01A6D2361131}.Debug|x86.ActiveCfg = Debug|Win32
		{C3D20FF0-F7EA-41BC-97F1-01A6D2361131}.Debug|x86.Build.0 = Debug|Win32
		{C3D20FF0-F7EA-41BC-97F1-01A6D2361131}.Release|x64.ActiveCfg = Release|x64
		{C3D20FF0-F7EA-41BC-97F1-01A6D2361131}.Release|x64.Build.0 = Release|x64
		{C3D20FF0-F7EA-41BC-97F1-01A6D2361131}.Release|x86.ActiveCfg = Release|Win32
		{C3D20FF0-F7EA-41BC-97F1-01A6D2361131}.Release|x86.Build.0 = Release|Win32
		{47A87736-CA1D-4F7D-B4FB-040531FE9392}.Debug|x64.ActiveCfg = Debug|x64
		{47A87736-CA1D-4F7D-B4FB-040531FE9392}.Debug|x64.Build.0 = Debug|x64
		{47A87736-CA1D-4F7D-B4FB-040531FE9392}.Debug|x86.ActiveCfg = Debug|Win32
		{47A87736-CA1D-4F7D-B4FB-040531FE9392}.Debug|x86.Build.0 = Debug|Win32
		{47A87736-CA1D-4F7D-B4FB-040531FE9392}.Release|x64.ActiveCfg = Release|x64
		{47A87736-CA1D-4F7D-B4FB-040531FE9392}.Release|x64.Build.0 = Release|x64
		{47A87736-CA1D-4F7D-B4FB-040531FE9392}.Release|x86.ActiveCfg = Release|Win32
		{47A87736-CA1D-4F7D-B4FB-040531FE9392}.Release|x86.Build.0 = Release|Win32
		{E701ED38-8847-4805-A3CD-9571F810D859}.Debug|x64.ActiveCfg = Debug|x64
		{E701ED38-8847-4805-A3CD-9571F810D859}.Debug|x64.Build.0 = Debug|x64
		{E701ED38-8847-4805-A3CD-9571F810D859}.Debug|x86.ActiveCfg = Debug|Win32
		{E701ED38-8847-4805-A3CD-9571F810D859}.Debug|x86.Build.0 = Debug|Win32
		{E701ED38-8847-4805-A3CD-9571F810D859}.Release|x64.ActiveCfg = Release|x64
		{E701ED38-8847-4805-A3CD-9571F810D859}.Release|x64.Build.0 = Release|x64
		{E701ED38-8847-4805-A3CD-9571F810D859}.Release|x86.ActiveCfg = Release|Win32
		{E701ED38-8847-4805-A3CD-9571F810D859}.Release|x86.Build.0 = Release|Win32
		{EE697436-9512-4BAF-B3C0-6E55F2D81B77}.Debug|x64.ActiveCfg = Debug|x64
		{EE697436-9512-4BAF-B3C0-6E55F2D81B77}.Debug|x64.Build.0 = Debug|x64
		{EE697436-9512-4BAF-B3C0-6E55F2D81B77}.Debug|x86.ActiveCfg = Debug|Win32
		{EE697436-9512-4BAF-B3C0-6E55F2D81B77}.Debug|x86.Build.0 = Debug|Win32
		{EE697436-9512-4BAF-B3C0-6E55F2D81B77}.Release|x64.ActiveCfg = Release|x64
		{EE697436-9512-4BAF-B3C0-6E55F2D81B77}.Release|x64.Build.0 = Release|x64
		{EE697436-9512-4BAF-B3C0-6E55F2D81B77}.Release|x86.ActiveCfg = Release|Win32
		{EE697436-9512-4BAF-B3C0-6E55F2D81B77}.Release|x86.Build.0 = Release|Win32
		{A1E1422E-4677-4321-9EFB-09CB491FF0E1}.Debug|x64.ActiveCfg = Debug|x64
		{A1E1422E-4677-4321-9EFB-09CB491FF0E1}.Debug|x64.Build.0 = Debug|x64
		{A1E1422E-4677-4321-9EFB-09CB491FF0E1}.Debug|x86.ActiveCfg = Debug|Win32
		{A1E1422E-4677-4321-9EFB-09CB491FF0E1}.Debug|x86.Build.0 = Debug|Win32
		{A1E1422E-4677-4321-9EFB-09CB491FF0E1}.Release|x64.ActiveCfg = Release|x64
		{A1E1422E-4677-4321-9EFB-09CB491FF0E1}.Release|x64.Build.0 = Release|x64
		{A1E1422E-4677-4321-9EFB-09CB491FF0E1}.Release|x86.ActiveCfg = Release|Win32
		{A1E1422E-4677-4321-9EFB-09CB491FF0E1}.Release|x86.Build.0 = Release|Win32
		{8CD7970D-8765-4289-9AA1-AD355766BF7F}.Debug|x64.ActiveCfg = Debug|x64
		{8CD7970D-8765-4289-9AA1-AD355766BF7F}.Debug|x64.Build.0 = Debug|x64
		{8CD7970D-8765-4289-9AA1-AD355766BF7F}.Debug|x86.ActiveCfg = Debug|Win32
		{8CD7970D-8765-4289-9AA1-AD355766BF7F}.Debug|x86.Build.0 = Debug|Win32
		{8CD7970D-8765-4289-9AA1-AD355766BF7F}.Release|x64.ActiveCfg = Release|x64
		{8CD7970D-8765-4289-9AA1-AD355766BF7F}.Release|x64.Build.0 = Release|x64
		{8CD7970D-8765-4289-9AA1-AD355766BF7F}.Release|x86.ActiveCfg = Release|Win32
		{8CD7970D-8765-4289-9AA1-AD355766BF7F}.Release|x86.Build.0 = Release|Win32
	EndGlobalSection
	GlobalSection(SolutionProperties) = preSolution
		HideSolutionNode = FALSE
	EndGlobalSection
	GlobalSection(ExtensibilityGlobals) = postSolution
		SolutionGuid = {F0D258E4-79DD-4294-AC67-20972FA2565C}
	EndGlobalSection
EndGlobal
